
Microsoft Visual Studio Solution File, Format Version 12.00
# Visual Studio Version 16
VisualStudioVersion = 16.0.32802.440
MinimumVisualStudioVersion = 10.0.40219.1
Project("{FAE04EC0-301F-11D3-BF4B-00C04F79EFBC}") = "ExHer-Produtos", "ExHer-Produtos\ExHer-Produtos.csproj", "{ED10BAE2-773F-4F24-B1A7-8F8CF75CEB17}"
EndProject
Global
	GlobalSection(SolutionConfigurationPlatforms) = preSolution
		Debug|Any CPU = Debug|Any CPU
		Release|Any CPU = Release|Any CPU
	EndGlobalSection
	GlobalSection(ProjectConfigurationPlatforms) = postSolution
		{ED10BAE2-773F-4F24-B1A7-8F8CF75CEB17}.Debug|Any CPU.ActiveCfg = Debug|Any CPU
		{ED10BAE2-773F-4F24-B1A7-8F8CF75CEB17}.Debug|Any CPU.Build.0 = Debug|Any CPU
		{ED10BAE2-773F-4F24-B1A7-8F8CF75CEB17}.Release|Any CPU.ActiveCfg = Release|Any CPU
		{ED10BAE2-773F-4F24-B1A7-8F8CF75CEB17}.Release|Any CPU.Build.0 = Release|Any CPU
	EndGlobalSection
	GlobalSection(SolutionProperties) = preSolution
		HideSolutionNode = FALSE
	EndGlobalSection
	GlobalSection(ExtensibilityGlobals) = postSolution
		SolutionGuid = {C096FE1C-7A71-46D9-8019-EA41B17DC328}
	EndGlobalSection
EndGlobal
